%{"amqp": {:hex, :amqp, "0.1.4"},
  "amqp_client": {:hex, :amqp_client, "3.5.6"},
  "apex": {:hex, :apex, "0.3.7"},
  "bunt": {:hex, :bunt, "0.1.5"},
  "cowboy": {:hex, :cowboy, "1.0.4"},
  "cowlib": {:hex, :cowlib, "1.0.2"},
  "credo": {:hex, :credo, "0.3.12"},
  "httpotion": {:hex, :httpotion, "0.2.4"},
  "plug": {:hex, :plug, "1.1.3"},
  "poison": {:hex, :poison, "1.5.2"},
  "poolboy": {:hex, :poolboy, "1.5.1"},
  "rabbit_common": {:hex, :rabbit_common, "3.5.6"},
  "ranch": {:hex, :ranch, "1.2.1"},
  "uuid": {:hex, :uuid, "1.1.3"}}
