%{"amqp_client": {:git, "git://github.com/issuu/amqp_client.git", "16b6c421139dba0a34d6c1e26f56c1dde5057a7f", []},
  "apex": {:hex, :apex, "0.3.1"},
  "cowboy": {:hex, :cowboy, "1.0.0"},
  "cowlib": {:hex, :cowlib, "1.0.0"},
  "exrabbit": {:git, "git://github.com/inbetgames/exrabbit.git", "4d2e5cf6d12c4c870515f465e632be73689bc134", [branch: "refactoring"]},
  "httpotion": {:hex, :httpotion, "0.2.4"},
  "jazz": {:hex, :jazz, "0.2.1"},
  "plug": {:hex, :plug, "0.7.0"},
  "poolboy": {:git, "git://github.com/devinus/poolboy.git", "17d1582533af5c076117e2e1270f4b43faa02f12", [tag: "1.3.0"]},
  "rabbit_common": {:git, "git://github.com/issuu/rabbit_common.git", "e3484d3ea4d9b57ae12da58c5c9dcf529a686139", [tag: "v3.3.0"]},
  "ranch": {:hex, :ranch, "1.0.0"},
  "uuid": {:hex, :uuid, "0.1.5"}}
