%{"amqp_client": {:git, "git://github.com/issuu/amqp_client.git", "16b6c421139dba0a34d6c1e26f56c1dde5057a7f", []},
  "apex": {:package, "0.3.1"},
  "cowboy": {:package, "1.0.0"},
  "cowlib": {:package, "1.0.0"},
  "exrabbit": {:git, "git://github.com/inbetgames/exrabbit.git", "4d2e5cf6d12c4c870515f465e632be73689bc134", [branch: "refactoring"]},
  "httpotion": {:package, "0.2.4"},
  "jazz": {:package, "0.2.1"},
  "plug": {:package, "0.7.0"},
  "rabbit_common": {:git, "git://github.com/issuu/rabbit_common.git", "e3484d3ea4d9b57ae12da58c5c9dcf529a686139", [tag: "v3.3.0"]},
  "ranch": {:package, "1.0.0"},
  "timex": {:package, "0.12.7"},
  "uuid": {:package, "0.1.5"}}
